# THIS IS AN AUTOGENERATED FILE. DO NOT EDIT THIS FILE DIRECTLY.
# yarn lockfile v1


"@thatguykacper/randomid-generator@^1.0.0":
  version "1.0.0"
  resolved "https://registry.yarnpkg.com/@thatguykacper/randomid-generator/-/randomid-generator-1.0.0.tgz#ef286cd42ec6ec5d54a3729000ceef24aaa47fcf"
  integrity sha512-gGIheD+ZYfrk/wnXukx4A28vjikCYs4XEZBQEuvIavGeYbwLaqEAj1SuHwnz6R7v059sov69uvcBKyDrGeu2gg==
